
Microsoft Visual Studio Solution File, Format Version 12.00
# Visual Studio Version 16
VisualStudioVersion = 16.0.29215.179
MinimumVisualStudioVersion = 10.0.40219.1
Project("{FAE04EC0-301F-11D3-BF4B-00C04F79EFBC}") = "CompGraph_lab3", "CompGraph_lab3.csproj", "{8C0AC0AC-2E9E-4149-AE58-516DFF0ADB8D}"
EndProject
Global
	GlobalSection(SolutionConfigurationPlatforms) = preSolution
		Debug|Any CPU = Debug|Any CPU
		Release|Any CPU = Release|Any CPU
	EndGlobalSection
	GlobalSection(ProjectConfigurationPlatforms) = postSolution
		{8C0AC0AC-2E9E-4149-AE58-516DFF0ADB8D}.Debug|Any CPU.ActiveCfg = Debug|Any CPU
		{8C0AC0AC-2E9E-4149-AE58-516DFF0ADB8D}.Debug|Any CPU.Build.0 = Debug|Any CPU
		{8C0AC0AC-2E9E-4149-AE58-516DFF0ADB8D}.Release|Any CPU.ActiveCfg = Release|Any CPU
		{8C0AC0AC-2E9E-4149-AE58-516DFF0ADB8D}.Release|Any CPU.Build.0 = Release|Any CPU
	EndGlobalSection
	GlobalSection(SolutionProperties) = preSolution
		HideSolutionNode = FALSE
	EndGlobalSection
	GlobalSection(ExtensibilityGlobals) = postSolution
		SolutionGuid = {1B76B3A7-7353-4B7E-AD1E-5CC6DFCA071A}
	EndGlobalSection
EndGlobal
